{
  "version": "v1",
  "packages": {
    "@latticexyz/cli": {
      "signature": "c2adbdf39eb0f18663e9025d141beaaa",
      "file": true
    },
    "@latticexyz/ecs-browser": {
      "signature": "7c8932ba6dbb12ccd03f1125a545ec8e",
      "file": true
    },
    "@latticexyz/network": {
      "signature": "c4f8369ac156e8d79c195b510707fe9a",
      "file": true
    },
    "@latticexyz/phaserx": {
      "signature": "fa1c5593ecadaadaa08a7ebdf2011255",
      "file": true
    },
    "@latticexyz/recs": {
      "signature": "9553a4eb69bede86652ec8af514194f8",
      "file": true
    },
    "@latticexyz/solecs": {
      "signature": "4c8e4ec18dc209572281b97116831780",
      "file": true
    },
    "@latticexyz/std-client": {
      "signature": "b723b1241485f9cbd4819f689d03e65e",
      "file": true
    },
    "@latticexyz/std-contracts": {
      "signature": "e8d3e9f0e1404b3d415719cdc2169a0e",
      "file": true
    },
    "@latticexyz/utils": {
      "signature": "ca88c6bac118e7dfbe5556e009d5fbbb",
      "file": true
    }
  }
}